
Microsoft Visual Studio Solution File, Format Version 12.00
# Visual Studio 2012
Project("{FAE04EC0-301F-11D3-BF4B-00C04F79EFBC}") = "EnCrypted_RS", "EnCrypted_RS\EnCrypted_RS.csproj", "{1F5A92B6-AB50-415E-B3F0-A3F3E15C0B8B}"
EndProject
Global
	GlobalSection(SolutionConfigurationPlatforms) = preSolution
		Debug|Any CPU = Debug|Any CPU
		Release|Any CPU = Release|Any CPU
	EndGlobalSection
	GlobalSection(ProjectConfigurationPlatforms) = postSolution
		{1F5A92B6-AB50-415E-B3F0-A3F3E15C0B8B}.Debug|Any CPU.ActiveCfg = Debug|Any CPU
		{1F5A92B6-AB50-415E-B3F0-A3F3E15C0B8B}.Debug|Any CPU.Build.0 = Debug|Any CPU
		{1F5A92B6-AB50-415E-B3F0-A3F3E15C0B8B}.Release|Any CPU.ActiveCfg = Release|Any CPU
		{1F5A92B6-AB50-415E-B3F0-A3F3E15C0B8B}.Release|Any CPU.Build.0 = Release|Any CPU
	EndGlobalSection
	GlobalSection(SolutionProperties) = preSolution
		HideSolutionNode = FALSE
	EndGlobalSection
EndGlobal
